
Microsoft Visual Studio Solution File, Format Version 12.00
# Visual Studio 2013
VisualStudioVersion = 12.0.21005.1
MinimumVisualStudioVersion = 10.0.40219.1
Project("{FAE04EC0-301F-11D3-BF4B-00C04F79EFBC}") = "Fuel", "MobileVikingsChecker\Fuel.csproj", "{6CD0244A-EAE4-45FC-B54B-24B8DC94B781}"
EndProject
Project("{FAE04EC0-301F-11D3-BF4B-00C04F79EFBC}") = "Console", "Console\Console.csproj", "{1E8BE689-E08E-493A-B408-A7369E31D660}"
EndProject
Project("{FAE04EC0-301F-11D3-BF4B-00C04F79EFBC}") = "VikingApi", "VikingApi\VikingApi.csproj", "{4C3CF688-1220-4CF6-9A4D-25F45234FE71}"
EndProject
Project("{FAE04EC0-301F-11D3-BF4B-00C04F79EFBC}") = "Tools", "Tools\Tools.csproj", "{CF7909FE-98C4-48C2-B7EE-B2E9187B8BAE}"
EndProject
Project("{FAE04EC0-301F-11D3-BF4B-00C04F79EFBC}") = "Fuel.LoginControl", "Fuel.LoginControl\Fuel.LoginControl.csproj", "{9CD9F551-E510-41E5-A1D9-B06B6340117E}"
EndProject
Project("{FAE04EC0-301F-11D3-BF4B-00C04F79EFBC}") = "Fuel.Settings", "Fuel.Settings\Fuel.Settings.csproj", "{6F741219-580C-42C0-BADB-502B88435431}"
EndProject
Project("{FAE04EC0-301F-11D3-BF4B-00C04F79EFBC}") = "UpdateTile", "UpdateTile\UpdateTile.csproj", "{AE3D66A8-E5BC-4294-9CDC-D5E22C5E28D8}"
EndProject
Project("{FAE04EC0-301F-11D3-BF4B-00C04F79EFBC}") = "UpdateLiveTile", "UpdateLiveTile\UpdateLiveTile.csproj", "{389A1E7A-7D41-4679-9040-57B3DABD4DA5}"
EndProject
Project("{2150E333-8FDC-42A3-9474-1A3956D46DE8}") = ".nuget", ".nuget", "{28687187-B0D8-4532-AC42-997B86726A63}"
	ProjectSection(SolutionItems) = preProject
		.nuget\NuGet.Config = .nuget\NuGet.Config
		.nuget\NuGet.exe = .nuget\NuGet.exe
		.nuget\NuGet.targets = .nuget\NuGet.targets
	EndProjectSection
EndProject
Project("{FAE04EC0-301F-11D3-BF4B-00C04F79EFBC}") = "Fuel.About", "Fuel.About\Fuel.About.csproj", "{450EA373-90FB-493F-96AB-EAF9F77BF8A2}"
EndProject
Project("{FAE04EC0-301F-11D3-BF4B-00C04F79EFBC}") = "Fuel.Localization", "Fuel.Localization\Fuel.Localization.csproj", "{0C00C813-4104-4A36-8F22-A7D675BDE4AB}"
EndProject
Global
	GlobalSection(SolutionConfigurationPlatforms) = preSolution
		Debug|Any CPU = Debug|Any CPU
		Debug|ARM = Debug|ARM
		Debug|x86 = Debug|x86
		Release|Any CPU = Release|Any CPU
		Release|ARM = Release|ARM
		Release|x86 = Release|x86
	EndGlobalSection
	GlobalSection(ProjectConfigurationPlatforms) = postSolution
		{6CD0244A-EAE4-45FC-B54B-24B8DC94B781}.Debug|Any CPU.ActiveCfg = Debug|Any CPU
		{6CD0244A-EAE4-45FC-B54B-24B8DC94B781}.Debug|Any CPU.Build.0 = Debug|Any CPU
		{6CD0244A-EAE4-45FC-B54B-24B8DC94B781}.Debug|Any CPU.Deploy.0 = Debug|Any CPU
		{6CD0244A-EAE4-45FC-B54B-24B8DC94B781}.Debug|ARM.ActiveCfg = Debug|ARM
		{6CD0244A-EAE4-45FC-B54B-24B8DC94B781}.Debug|ARM.Build.0 = Debug|ARM
		{6CD0244A-EAE4-45FC-B54B-24B8DC94B781}.Debug|ARM.Deploy.0 = Debug|ARM
		{6CD0244A-EAE4-45FC-B54B-24B8DC94B781}.Debug|x86.ActiveCfg = Debug|x86
		{6CD0244A-EAE4-45FC-B54B-24B8DC94B781}.Debug|x86.Build.0 = Debug|x86
		{6CD0244A-EAE4-45FC-B54B-24B8DC94B781}.Debug|x86.Deploy.0 = Debug|x86
		{6CD0244A-EAE4-45FC-B54B-24B8DC94B781}.Release|Any CPU.ActiveCfg = Release|Any CPU
		{6CD0244A-EAE4-45FC-B54B-24B8DC94B781}.Release|Any CPU.Build.0 = Release|Any CPU
		{6CD0244A-EAE4-45FC-B54B-24B8DC94B781}.Release|Any CPU.Deploy.0 = Release|Any CPU
		{6CD0244A-EAE4-45FC-B54B-24B8DC94B781}.Release|ARM.ActiveCfg = Release|ARM
		{6CD0244A-EAE4-45FC-B54B-24B8DC94B781}.Release|ARM.Build.0 = Release|ARM
		{6CD0244A-EAE4-45FC-B54B-24B8DC94B781}.Release|ARM.Deploy.0 = Release|ARM
		{6CD0244A-EAE4-45FC-B54B-24B8DC94B781}.Release|x86.ActiveCfg = Release|x86
		{6CD0244A-EAE4-45FC-B54B-24B8DC94B781}.Release|x86.Build.0 = Release|x86
		{6CD0244A-EAE4-45FC-B54B-24B8DC94B781}.Release|x86.Deploy.0 = Release|x86
		{1E8BE689-E08E-493A-B408-A7369E31D660}.Debug|Any CPU.ActiveCfg = Debug|Any CPU
		{1E8BE689-E08E-493A-B408-A7369E31D660}.Debug|Any CPU.Build.0 = Debug|Any CPU
		{1E8BE689-E08E-493A-B408-A7369E31D660}.Debug|ARM.ActiveCfg = Debug|Any CPU
		{1E8BE689-E08E-493A-B408-A7369E31D660}.Debug|x86.ActiveCfg = Debug|Any CPU
		{1E8BE689-E08E-493A-B408-A7369E31D660}.Release|Any CPU.ActiveCfg = Release|Any CPU
		{1E8BE689-E08E-493A-B408-A7369E31D660}.Release|Any CPU.Build.0 = Release|Any CPU
		{1E8BE689-E08E-493A-B408-A7369E31D660}.Release|ARM.ActiveCfg = Release|Any CPU
		{1E8BE689-E08E-493A-B408-A7369E31D660}.Release|x86.ActiveCfg = Release|Any CPU
		{4C3CF688-1220-4CF6-9A4D-25F45234FE71}.Debug|Any CPU.ActiveCfg = Debug|Any CPU
		{4C3CF688-1220-4CF6-9A4D-25F45234FE71}.Debug|Any CPU.Build.0 = Debug|Any CPU
		{4C3CF688-1220-4CF6-9A4D-25F45234FE71}.Debug|ARM.ActiveCfg = Debug|ARM
		{4C3CF688-1220-4CF6-9A4D-25F45234FE71}.Debug|ARM.Build.0 = Debug|ARM
		{4C3CF688-1220-4CF6-9A4D-25F45234FE71}.Debug|x86.ActiveCfg = Debug|x86
		{4C3CF688-1220-4CF6-9A4D-25F45234FE71}.Debug|x86.Build.0 = Debug|x86
		{4C3CF688-1220-4CF6-9A4D-25F45234FE71}.Release|Any CPU.ActiveCfg = Release|Any CPU
		{4C3CF688-1220-4CF6-9A4D-25F45234FE71}.Release|Any CPU.Build.0 = Release|Any CPU
		{4C3CF688-1220-4CF6-9A4D-25F45234FE71}.Release|ARM.ActiveCfg = Release|ARM
		{4C3CF688-1220-4CF6-9A4D-25F45234FE71}.Release|ARM.Build.0 = Release|ARM
		{4C3CF688-1220-4CF6-9A4D-25F45234FE71}.Release|x86.ActiveCfg = Release|x86
		{4C3CF688-1220-4CF6-9A4D-25F45234FE71}.Release|x86.Build.0 = Release|x86
		{CF7909FE-98C4-48C2-B7EE-B2E9187B8BAE}.Debug|Any CPU.ActiveCfg = Debug|Any CPU
		{CF7909FE-98C4-48C2-B7EE-B2E9187B8BAE}.Debug|Any CPU.Build.0 = Debug|Any CPU
		{CF7909FE-98C4-48C2-B7EE-B2E9187B8BAE}.Debug|ARM.ActiveCfg = Debug|ARM
		{CF7909FE-98C4-48C2-B7EE-B2E9187B8BAE}.Debug|ARM.Build.0 = Debug|ARM
		{CF7909FE-98C4-48C2-B7EE-B2E9187B8BAE}.Debug|x86.ActiveCfg = Debug|x86
		{CF7909FE-98C4-48C2-B7EE-B2E9187B8BAE}.Debug|x86.Build.0 = Debug|x86
		{CF7909FE-98C4-48C2-B7EE-B2E9187B8BAE}.Release|Any CPU.ActiveCfg = Release|Any CPU
		{CF7909FE-98C4-48C2-B7EE-B2E9187B8BAE}.Release|Any CPU.Build.0 = Release|Any CPU
		{CF7909FE-98C4-48C2-B7EE-B2E9187B8BAE}.Release|ARM.ActiveCfg = Release|ARM
		{CF7909FE-98C4-48C2-B7EE-B2E9187B8BAE}.Release|ARM.Build.0 = Release|ARM
		{CF7909FE-98C4-48C2-B7EE-B2E9187B8BAE}.Release|x86.ActiveCfg = Release|x86
		{CF7909FE-98C4-48C2-B7EE-B2E9187B8BAE}.Release|x86.Build.0 = Release|x86
		{9CD9F551-E510-41E5-A1D9-B06B6340117E}.Debug|Any CPU.ActiveCfg = Debug|Any CPU
		{9CD9F551-E510-41E5-A1D9-B06B6340117E}.Debug|Any CPU.Build.0 = Debug|Any CPU
		{9CD9F551-E510-41E5-A1D9-B06B6340117E}.Debug|ARM.ActiveCfg = Debug|ARM
		{9CD9F551-E510-41E5-A1D9-B06B6340117E}.Debug|ARM.Build.0 = Debug|ARM
		{9CD9F551-E510-41E5-A1D9-B06B6340117E}.Debug|x86.ActiveCfg = Debug|x86
		{9CD9F551-E510-41E5-A1D9-B06B6340117E}.Debug|x86.Build.0 = Debug|x86
		{9CD9F551-E510-41E5-A1D9-B06B6340117E}.Release|Any CPU.ActiveCfg = Release|Any CPU
		{9CD9F551-E510-41E5-A1D9-B06B6340117E}.Release|Any CPU.Build.0 = Release|Any CPU
		{9CD9F551-E510-41E5-A1D9-B06B6340117E}.Release|ARM.ActiveCfg = Release|ARM
		{9CD9F551-E510-41E5-A1D9-B06B6340117E}.Release|ARM.Build.0 = Release|ARM
		{9CD9F551-E510-41E5-A1D9-B06B6340117E}.Release|x86.ActiveCfg = Release|x86
		{9CD9F551-E510-41E5-A1D9-B06B6340117E}.Release|x86.Build.0 = Release|x86
		{6F741219-580C-42C0-BADB-502B88435431}.Debug|Any CPU.ActiveCfg = Debug|Any CPU
		{6F741219-580C-42C0-BADB-502B88435431}.Debug|Any CPU.Build.0 = Debug|Any CPU
		{6F741219-580C-42C0-BADB-502B88435431}.Debug|ARM.ActiveCfg = Debug|ARM
		{6F741219-580C-42C0-BADB-502B88435431}.Debug|ARM.Build.0 = Debug|ARM
		{6F741219-580C-42C0-BADB-502B88435431}.Debug|x86.ActiveCfg = Debug|x86
		{6F741219-580C-42C0-BADB-502B88435431}.Debug|x86.Build.0 = Debug|x86
		{6F741219-580C-42C0-BADB-502B88435431}.Release|Any CPU.ActiveCfg = Release|Any CPU
		{6F741219-580C-42C0-BADB-502B88435431}.Release|Any CPU.Build.0 = Release|Any CPU
		{6F741219-580C-42C0-BADB-502B88435431}.Release|ARM.ActiveCfg = Release|ARM
		{6F741219-580C-42C0-BADB-502B88435431}.Release|ARM.Build.0 = Release|ARM
		{6F741219-580C-42C0-BADB-502B88435431}.Release|x86.ActiveCfg = Release|x86
		{6F741219-580C-42C0-BADB-502B88435431}.Release|x86.Build.0 = Release|x86
		{AE3D66A8-E5BC-4294-9CDC-D5E22C5E28D8}.Debug|Any CPU.ActiveCfg = Debug|Any CPU
		{AE3D66A8-E5BC-4294-9CDC-D5E22C5E28D8}.Debug|Any CPU.Build.0 = Debug|Any CPU
		{AE3D66A8-E5BC-4294-9CDC-D5E22C5E28D8}.Debug|ARM.ActiveCfg = Debug|ARM
		{AE3D66A8-E5BC-4294-9CDC-D5E22C5E28D8}.Debug|ARM.Build.0 = Debug|ARM
		{AE3D66A8-E5BC-4294-9CDC-D5E22C5E28D8}.Debug|x86.ActiveCfg = Debug|x86
		{AE3D66A8-E5BC-4294-9CDC-D5E22C5E28D8}.Debug|x86.Build.0 = Debug|x86
		{AE3D66A8-E5BC-4294-9CDC-D5E22C5E28D8}.Release|Any CPU.ActiveCfg = Release|Any CPU
		{AE3D66A8-E5BC-4294-9CDC-D5E22C5E28D8}.Release|Any CPU.Build.0 = Release|Any CPU
		{AE3D66A8-E5BC-4294-9CDC-D5E22C5E28D8}.Release|ARM.ActiveCfg = Release|ARM
		{AE3D66A8-E5BC-4294-9CDC-D5E22C5E28D8}.Release|ARM.Build.0 = Release|ARM
		{AE3D66A8-E5BC-4294-9CDC-D5E22C5E28D8}.Release|x86.ActiveCfg = Release|x86
		{AE3D66A8-E5BC-4294-9CDC-D5E22C5E28D8}.Release|x86.Build.0 = Release|x86
		{389A1E7A-7D41-4679-9040-57B3DABD4DA5}.Debug|Any CPU.ActiveCfg = Debug|Any CPU
		{389A1E7A-7D41-4679-9040-57B3DABD4DA5}.Debug|Any CPU.Build.0 = Debug|Any CPU
		{389A1E7A-7D41-4679-9040-57B3DABD4DA5}.Debug|ARM.ActiveCfg = Debug|ARM
		{389A1E7A-7D41-4679-9040-57B3DABD4DA5}.Debug|ARM.Build.0 = Debug|ARM
		{389A1E7A-7D41-4679-9040-57B3DABD4DA5}.Debug|x86.ActiveCfg = Debug|x86
		{389A1E7A-7D41-4679-9040-57B3DABD4DA5}.Debug|x86.Build.0 = Debug|x86
		{389A1E7A-7D41-4679-9040-57B3DABD4DA5}.Release|Any CPU.ActiveCfg = Release|Any CPU
		{389A1E7A-7D41-4679-9040-57B3DABD4DA5}.Release|Any CPU.Build.0 = Release|Any CPU
		{389A1E7A-7D41-4679-9040-57B3DABD4DA5}.Release|ARM.ActiveCfg = Release|ARM
		{389A1E7A-7D41-4679-9040-57B3DABD4DA5}.Release|ARM.Build.0 = Release|ARM
		{389A1E7A-7D41-4679-9040-57B3DABD4DA5}.Release|x86.ActiveCfg = Release|x86
		{389A1E7A-7D41-4679-9040-57B3DABD4DA5}.Release|x86.Build.0 = Release|x86
		{450EA373-90FB-493F-96AB-EAF9F77BF8A2}.Debug|Any CPU.ActiveCfg = Debug|Any CPU
		{450EA373-90FB-493F-96AB-EAF9F77BF8A2}.Debug|Any CPU.Build.0 = Debug|Any CPU
		{450EA373-90FB-493F-96AB-EAF9F77BF8A2}.Debug|ARM.ActiveCfg = Debug|ARM
		{450EA373-90FB-493F-96AB-EAF9F77BF8A2}.Debug|ARM.Build.0 = Debug|ARM
		{450EA373-90FB-493F-96AB-EAF9F77BF8A2}.Debug|x86.ActiveCfg = Debug|x86
		{450EA373-90FB-493F-96AB-EAF9F77BF8A2}.Debug|x86.Build.0 = Debug|x86
		{450EA373-90FB-493F-96AB-EAF9F77BF8A2}.Release|Any CPU.ActiveCfg = Release|Any CPU
		{450EA373-90FB-493F-96AB-EAF9F77BF8A2}.Release|Any CPU.Build.0 = Release|Any CPU
		{450EA373-90FB-493F-96AB-EAF9F77BF8A2}.Release|ARM.ActiveCfg = Release|ARM
		{450EA373-90FB-493F-96AB-EAF9F77BF8A2}.Release|ARM.Build.0 = Release|ARM
		{450EA373-90FB-493F-96AB-EAF9F77BF8A2}.Release|x86.ActiveCfg = Release|x86
		{450EA373-90FB-493F-96AB-EAF9F77BF8A2}.Release|x86.Build.0 = Release|x86
		{0C00C813-4104-4A36-8F22-A7D675BDE4AB}.Debug|Any CPU.ActiveCfg = Debug|Any CPU
		{0C00C813-4104-4A36-8F22-A7D675BDE4AB}.Debug|Any CPU.Build.0 = Debug|Any CPU
		{0C00C813-4104-4A36-8F22-A7D675BDE4AB}.Debug|ARM.ActiveCfg = Debug|Any CPU
		{0C00C813-4104-4A36-8F22-A7D675BDE4AB}.Debug|x86.ActiveCfg = Debug|Any CPU
		{0C00C813-4104-4A36-8F22-A7D675BDE4AB}.Release|Any CPU.ActiveCfg = Release|Any CPU
		{0C00C813-4104-4A36-8F22-A7D675BDE4AB}.Release|Any CPU.Build.0 = Release|Any CPU
		{0C00C813-4104-4A36-8F22-A7D675BDE4AB}.Release|ARM.ActiveCfg = Release|Any CPU
		{0C00C813-4104-4A36-8F22-A7D675BDE4AB}.Release|x86.ActiveCfg = Release|Any CPU
	EndGlobalSection
	GlobalSection(SolutionProperties) = preSolution
		HideSolutionNode = FALSE
	EndGlobalSection
EndGlobal
